
Microsoft Visual Studio Solution File, Format Version 12.00
# Visual Studio Version 16
VisualStudioVersion = 16.0.31112.23
MinimumVisualStudioVersion = 10.0.40219.1
Project("{FAE04EC0-301F-11D3-BF4B-00C04F79EFBC}") = "Warehouse", "Warehouse.csproj", "{A1F92845-5891-4756-87D1-C9E7C09DE371}"
EndProject
Global
	GlobalSection(SolutionConfigurationPlatforms) = preSolution
		Debug|Any CPU = Debug|Any CPU
		Release|Any CPU = Release|Any CPU
	EndGlobalSection
	GlobalSection(ProjectConfigurationPlatforms) = postSolution
		{A1F92845-5891-4756-87D1-C9E7C09DE371}.Debug|Any CPU.ActiveCfg = Debug|Any CPU
		{A1F92845-5891-4756-87D1-C9E7C09DE371}.Debug|Any CPU.Build.0 = Debug|Any CPU
		{A1F92845-5891-4756-87D1-C9E7C09DE371}.Release|Any CPU.ActiveCfg = Release|Any CPU
		{A1F92845-5891-4756-87D1-C9E7C09DE371}.Release|Any CPU.Build.0 = Release|Any CPU
	EndGlobalSection
	GlobalSection(SolutionProperties) = preSolution
		HideSolutionNode = FALSE
	EndGlobalSection
	GlobalSection(ExtensibilityGlobals) = postSolution
		SolutionGuid = {2A97DF97-48B0-47B2-BC3B-88F907F196AD}
	EndGlobalSection
EndGlobal
